
Microsoft Visual Studio Solution File, Format Version 12.00
# Visual Studio 15
VisualStudioVersion = 15.0.28307.421
MinimumVisualStudioVersion = 10.0.40219.1
Project("{FAE04EC0-301F-11D3-BF4B-00C04F79EFBC}") = "ConsoleApp1", "ConsoleApp1\ConsoleApp1.csproj", "{7640B2E2-3A67-4EF2-BE2E-91ADC087A6D5}"
EndProject
Project("{FAE04EC0-301F-11D3-BF4B-00C04F79EFBC}") = "elka", "elka\elka.csproj", "{B3EAF8D0-A5C0-486B-A07B-FC431588DA27}"
EndProject
Project("{FAE04EC0-301F-11D3-BF4B-00C04F79EFBC}") = "ConsoleApp2", "ConsoleApp2\ConsoleApp2.csproj", "{63E2BE66-4F8B-4A24-85C7-617ED467BBCB}"
EndProject
Global
	GlobalSection(SolutionConfigurationPlatforms) = preSolution
		Debug|Any CPU = Debug|Any CPU
		Release|Any CPU = Release|Any CPU
	EndGlobalSection
	GlobalSection(ProjectConfigurationPlatforms) = postSolution
		{7640B2E2-3A67-4EF2-BE2E-91ADC087A6D5}.Debug|Any CPU.ActiveCfg = Debug|Any CPU
		{7640B2E2-3A67-4EF2-BE2E-91ADC087A6D5}.Debug|Any CPU.Build.0 = Debug|Any CPU
		{7640B2E2-3A67-4EF2-BE2E-91ADC087A6D5}.Release|Any CPU.ActiveCfg = Release|Any CPU
		{7640B2E2-3A67-4EF2-BE2E-91ADC087A6D5}.Release|Any CPU.Build.0 = Release|Any CPU
		{B3EAF8D0-A5C0-486B-A07B-FC431588DA27}.Debug|Any CPU.ActiveCfg = Debug|Any CPU
		{B3EAF8D0-A5C0-486B-A07B-FC431588DA27}.Debug|Any CPU.Build.0 = Debug|Any CPU
		{B3EAF8D0-A5C0-486B-A07B-FC431588DA27}.Release|Any CPU.ActiveCfg = Release|Any CPU
		{B3EAF8D0-A5C0-486B-A07B-FC431588DA27}.Release|Any CPU.Build.0 = Release|Any CPU
		{63E2BE66-4F8B-4A24-85C7-617ED467BBCB}.Debug|Any CPU.ActiveCfg = Debug|Any CPU
		{63E2BE66-4F8B-4A24-85C7-617ED467BBCB}.Debug|Any CPU.Build.0 = Debug|Any CPU
		{63E2BE66-4F8B-4A24-85C7-617ED467BBCB}.Release|Any CPU.ActiveCfg = Release|Any CPU
		{63E2BE66-4F8B-4A24-85C7-617ED467BBCB}.Release|Any CPU.Build.0 = Release|Any CPU
	EndGlobalSection
	GlobalSection(SolutionProperties) = preSolution
		HideSolutionNode = FALSE
	EndGlobalSection
	GlobalSection(ExtensibilityGlobals) = postSolution
		SolutionGuid = {F2AF2489-7E07-42DC-B83B-55A39EC0A958}
	EndGlobalSection
EndGlobal
