
Microsoft Visual Studio Solution File, Format Version 12.00
# Visual Studio 15
VisualStudioVersion = 15.0.28307.421
MinimumVisualStudioVersion = 10.0.40219.1
Project("{FAE04EC0-301F-11D3-BF4B-00C04F79EFBC}") = "ConsoleApp11", "ConsoleApp11\ConsoleApp11.csproj", "{C0A39722-2F39-4A7A-A76E-EFA5E2FADC3D}"
EndProject
Global
	GlobalSection(SolutionConfigurationPlatforms) = preSolution
		Debug|Any CPU = Debug|Any CPU
		Release|Any CPU = Release|Any CPU
	EndGlobalSection
	GlobalSection(ProjectConfigurationPlatforms) = postSolution
		{C0A39722-2F39-4A7A-A76E-EFA5E2FADC3D}.Debug|Any CPU.ActiveCfg = Debug|Any CPU
		{C0A39722-2F39-4A7A-A76E-EFA5E2FADC3D}.Debug|Any CPU.Build.0 = Debug|Any CPU
		{C0A39722-2F39-4A7A-A76E-EFA5E2FADC3D}.Release|Any CPU.ActiveCfg = Release|Any CPU
		{C0A39722-2F39-4A7A-A76E-EFA5E2FADC3D}.Release|Any CPU.Build.0 = Release|Any CPU
	EndGlobalSection
	GlobalSection(SolutionProperties) = preSolution
		HideSolutionNode = FALSE
	EndGlobalSection
	GlobalSection(ExtensibilityGlobals) = postSolution
		SolutionGuid = {A4A9726A-AB71-4E31-A843-88CCA4541161}
	EndGlobalSection
EndGlobal
